
Microsoft Visual Studio Solution File, Format Version 11.00
# Visual Studio 2010
Project("{FAE04EC0-301F-11D3-BF4B-00C04F79EFBC}") = "ActiveMqHelper", "ActiveMqHelper.csproj", "{3B38024E-78CA-4B3B-BC0A-F77A80EE108A}"
EndProject
Global
	GlobalSection(SolutionConfigurationPlatforms) = preSolution
		Debug|Any CPU = Debug|Any CPU
		Release|Any CPU = Release|Any CPU
	EndGlobalSection
	GlobalSection(ProjectConfigurationPlatforms) = postSolution
		{3B38024E-78CA-4B3B-BC0A-F77A80EE108A}.Debug|Any CPU.ActiveCfg = Debug|Any CPU
		{3B38024E-78CA-4B3B-BC0A-F77A80EE108A}.Debug|Any CPU.Build.0 = Debug|Any CPU
		{3B38024E-78CA-4B3B-BC0A-F77A80EE108A}.Release|Any CPU.ActiveCfg = Release|Any CPU
		{3B38024E-78CA-4B3B-BC0A-F77A80EE108A}.Release|Any CPU.Build.0 = Release|Any CPU
	EndGlobalSection
	GlobalSection(SolutionProperties) = preSolution
		HideSolutionNode = FALSE
	EndGlobalSection
EndGlobal
