
Microsoft Visual Studio Solution File, Format Version 10.00
# Visual Studio 2008
Project("{2857B73E-F847-4B02-9238-064979017E93}") = "ItemMinerLibMono", "ItemMinerLibMono.cproj", "{17E13072-21E6-40A9-9219-E19B5A090983}"
EndProject
Global
	GlobalSection(SolutionConfigurationPlatforms) = preSolution
		Debug|Any CPU = Debug|Any CPU
		Release|Any CPU = Release|Any CPU
	EndGlobalSection
	GlobalSection(ProjectConfigurationPlatforms) = postSolution
		{17E13072-21E6-40A9-9219-E19B5A090983}.Debug|Any CPU.ActiveCfg = Debug|Any CPU
		{17E13072-21E6-40A9-9219-E19B5A090983}.Debug|Any CPU.Build.0 = Debug|Any CPU
		{17E13072-21E6-40A9-9219-E19B5A090983}.Release|Any CPU.ActiveCfg = Release|Any CPU
		{17E13072-21E6-40A9-9219-E19B5A090983}.Release|Any CPU.Build.0 = Release|Any CPU
	EndGlobalSection
	GlobalSection(MonoDevelopProperties) = preSolution
		StartupItem = ItemMinerLibMono.cproj
	EndGlobalSection
EndGlobal
